
Microsoft Visual Studio Solution File, Format Version 12.00
# Visual Studio Version 17
VisualStudioVersion = 17.2.32616.157
MinimumVisualStudioVersion = 10.0.40219.1
Project("{9A19103F-16F7-4668-BE54-9A1E7A4F7556}") = "TestBibik", "TestBibik\TestBibik.csproj", "{EC66AA4F-1D9A-4694-A336-C9E4542DCAF2}"
EndProject
Project("{FAE04EC0-301F-11D3-BF4B-00C04F79EFBC}") = "LibraryBibik", "LibraryBibik\LibraryBibik.csproj", "{38234A2C-825A-4ABE-B50B-402494F783AF}"
EndProject
Global
	GlobalSection(SolutionConfigurationPlatforms) = preSolution
		Debug|Any CPU = Debug|Any CPU
		Release|Any CPU = Release|Any CPU
	EndGlobalSection
	GlobalSection(ProjectConfigurationPlatforms) = postSolution
		{EC66AA4F-1D9A-4694-A336-C9E4542DCAF2}.Debug|Any CPU.ActiveCfg = Debug|Any CPU
		{EC66AA4F-1D9A-4694-A336-C9E4542DCAF2}.Debug|Any CPU.Build.0 = Debug|Any CPU
		{EC66AA4F-1D9A-4694-A336-C9E4542DCAF2}.Release|Any CPU.ActiveCfg = Release|Any CPU
		{EC66AA4F-1D9A-4694-A336-C9E4542DCAF2}.Release|Any CPU.Build.0 = Release|Any CPU
		{38234A2C-825A-4ABE-B50B-402494F783AF}.Debug|Any CPU.ActiveCfg = Debug|Any CPU
		{38234A2C-825A-4ABE-B50B-402494F783AF}.Debug|Any CPU.Build.0 = Debug|Any CPU
		{38234A2C-825A-4ABE-B50B-402494F783AF}.Release|Any CPU.ActiveCfg = Release|Any CPU
		{38234A2C-825A-4ABE-B50B-402494F783AF}.Release|Any CPU.Build.0 = Release|Any CPU
	EndGlobalSection
	GlobalSection(SolutionProperties) = preSolution
		HideSolutionNode = FALSE
	EndGlobalSection
	GlobalSection(ExtensibilityGlobals) = postSolution
		SolutionGuid = {A515A25D-2B2D-49B3-8951-84D7C05FD84D}
	EndGlobalSection
EndGlobal
